// !$*UTF8*$!
{
	archiveVersion = 1;
	classes = {
	};
	objectVersion = 50;
	objects = {

/* Begin PBXBuildFile section */
		B1CF10D4DB0BDA8183F4EADE /* Pods_merqueo_ios_testTests.framework in Frameworks */ = {isa = PBXBuildFile; fileRef = 3B83AF3DF3319B2F5447133F /* Pods_merqueo_ios_testTests.framework */; };
		C750BD7222DD49C800B4290B /* merqueo_ios_test.xcdatamodeld in Sources */ = {isa = PBXBuildFile; fileRef = C750BD7022DD49C800B4290B /* merqueo_ios_test.xcdatamodeld */; };
		C750BD7422DD4A9600B4290B /* CDManager.swift in Sources */ = {isa = PBXBuildFile; fileRef = C750BD7322DD4A9600B4290B /* CDManager.swift */; };
		C75C15B022D41D1F0072F790 /* AppDelegate.swift in Sources */ = {isa = PBXBuildFile; fileRef = C75C15AF22D41D1F0072F790 /* AppDelegate.swift */; };
		C75C15B522D41D1F0072F790 /* Main.storyboard in Resources */ = {isa = PBXBuildFile; fileRef = C75C15B322D41D1F0072F790 /* Main.storyboard */; };
		C75C15BA22D41D200072F790 /* Assets.xcassets in Resources */ = {isa = PBXBuildFile; fileRef = C75C15B922D41D200072F790 /* Assets.xcassets */; };
		C75C15BD22D41D200072F790 /* LaunchScreen.storyboard in Resources */ = {isa = PBXBuildFile; fileRef = C75C15BB22D41D200072F790 /* LaunchScreen.storyboard */; };
		C75C15C822D41D200072F790 /* merqueo_ios_testTests.swift in Sources */ = {isa = PBXBuildFile; fileRef = C75C15C722D41D200072F790 /* merqueo_ios_testTests.swift */; };
		C75C15D322D41D200072F790 /* merqueo_ios_testUITests.swift in Sources */ = {isa = PBXBuildFile; fileRef = C75C15D222D41D200072F790 /* merqueo_ios_testUITests.swift */; };
		C75C15E222D41D9A0072F790 /* Constants.swift in Sources */ = {isa = PBXBuildFile; fileRef = C75C15E122D41D9A0072F790 /* Constants.swift */; };
		C75C15EB22D41E6F0072F790 /* MovieCollectionViewCell.swift in Sources */ = {isa = PBXBuildFile; fileRef = C75C15E922D41E6F0072F790 /* MovieCollectionViewCell.swift */; };
		C75C15EC22D41E6F0072F790 /* MovieCollectionViewCell.xib in Resources */ = {isa = PBXBuildFile; fileRef = C75C15EA22D41E6F0072F790 /* MovieCollectionViewCell.xib */; };
		C75C15F022D41F4C0072F790 /* MoviesViewController.swift in Sources */ = {isa = PBXBuildFile; fileRef = C75C15EF22D41F4C0072F790 /* MoviesViewController.swift */; };
		C75C15F222D41F600072F790 /* DetailMovieViewController.swift in Sources */ = {isa = PBXBuildFile; fileRef = C75C15F122D41F600072F790 /* DetailMovieViewController.swift */; };
		C75C15F622D421EE0072F790 /* WebServiceConstants.swift in Sources */ = {isa = PBXBuildFile; fileRef = C75C15F522D421EE0072F790 /* WebServiceConstants.swift */; };
		C75C15F822D4226E0072F790 /* WebServiceManager.swift in Sources */ = {isa = PBXBuildFile; fileRef = C75C15F722D4226E0072F790 /* WebServiceManager.swift */; };
		C75C15FB22D4239B0072F790 /* MovieListInteractor.swift in Sources */ = {isa = PBXBuildFile; fileRef = C75C15FA22D4239B0072F790 /* MovieListInteractor.swift */; };
		C75C15FE22D427FE0072F790 /* MoviesPresenter.swift in Sources */ = {isa = PBXBuildFile; fileRef = C75C15FD22D427FE0072F790 /* MoviesPresenter.swift */; };
		C75C160122D428CD0072F790 /* MoviesViewProtocol.swift in Sources */ = {isa = PBXBuildFile; fileRef = C75C160022D428CD0072F790 /* MoviesViewProtocol.swift */; };
		C75C160822D432760072F790 /* MovieData.swift in Sources */ = {isa = PBXBuildFile; fileRef = C75C160722D432760072F790 /* MovieData.swift */; };
		C75C160B22D434B50072F790 /* MovieWireFrame.swift in Sources */ = {isa = PBXBuildFile; fileRef = C75C160A22D434B50072F790 /* MovieWireFrame.swift */; };
		C75C160D22D440F90072F790 /* Alert.swift in Sources */ = {isa = PBXBuildFile; fileRef = C75C160C22D440F90072F790 /* Alert.swift */; };
		C75C161122D4535E0072F790 /* UIImageView.swift in Sources */ = {isa = PBXBuildFile; fileRef = C75C161022D4535E0072F790 /* UIImageView.swift */; };
		C75F41B622D6BAB900357A60 /* MoviePresenter.swift in Sources */ = {isa = PBXBuildFile; fileRef = C75F41B522D6BAB900357A60 /* MoviePresenter.swift */; };
		C75F41B822D6BBCD00357A60 /* MovieViewProtocol.swift in Sources */ = {isa = PBXBuildFile; fileRef = C75F41B722D6BBCD00357A60 /* MovieViewProtocol.swift */; };
		C75F41BA22D6BC2100357A60 /* MovieDetailInteractor.swift in Sources */ = {isa = PBXBuildFile; fileRef = C75F41B922D6BC2100357A60 /* MovieDetailInteractor.swift */; };
		C75F41BC22D6BC5800357A60 /* MovieDetailWireFrame.swift in Sources */ = {isa = PBXBuildFile; fileRef = C75F41BB22D6BC5800357A60 /* MovieDetailWireFrame.swift */; };
		C75F41BE22D6EAA500357A60 /* CrewData.swift in Sources */ = {isa = PBXBuildFile; fileRef = C75F41BD22D6EAA500357A60 /* CrewData.swift */; };
		C75F41BF22D6EAA500357A60 /* CrewData.swift in Sources */ = {isa = PBXBuildFile; fileRef = C75F41BD22D6EAA500357A60 /* CrewData.swift */; };
		C7F57FAB22D4B8C0009D6575 /* DetailTableViewCell.swift in Sources */ = {isa = PBXBuildFile; fileRef = C7F57FA922D4B8C0009D6575 /* DetailTableViewCell.swift */; };
		C7F57FAC22D4B8C0009D6575 /* DetailTableViewCell.xib in Resources */ = {isa = PBXBuildFile; fileRef = C7F57FAA22D4B8C0009D6575 /* DetailTableViewCell.xib */; };
		C7F57FAF22D4C890009D6575 /* OverviewTableViewCell.swift in Sources */ = {isa = PBXBuildFile; fileRef = C7F57FAD22D4C890009D6575 /* OverviewTableViewCell.swift */; };
		C7F57FB022D4C890009D6575 /* OverviewTableViewCell.xib in Resources */ = {isa = PBXBuildFile; fileRef = C7F57FAE22D4C890009D6575 /* OverviewTableViewCell.xib */; };
		C7F57FB322D58553009D6575 /* DescriptionTableViewCell.swift in Sources */ = {isa = PBXBuildFile; fileRef = C7F57FB122D58553009D6575 /* DescriptionTableViewCell.swift */; };
		C7F57FB422D58553009D6575 /* DescriptionTableViewCell.xib in Resources */ = {isa = PBXBuildFile; fileRef = C7F57FB222D58553009D6575 /* DescriptionTableViewCell.xib */; };
		C7FBF35822D830770032335B /* Movie+CoreDataClass.swift in Sources */ = {isa = PBXBuildFile; fileRef = C7FBF35622D830770032335B /* Movie+CoreDataClass.swift */; };
		C7FBF36022D83AE20032335B /* Movie+CoreDataProperties.swift in Sources */ = {isa = PBXBuildFile; fileRef = C7FBF35F22D83AE20032335B /* Movie+CoreDataProperties.swift */; };
		C91A7F24C3720684C174F18C /* Pods_merqueo_ios_testUITests.framework in Frameworks */ = {isa = PBXBuildFile; fileRef = E759E6884CC4FEF038C7ACE9 /* Pods_merqueo_ios_testUITests.framework */; };
		CE042EB9C5B8739B04850C49 /* Pods_merqueo_ios_test.framework in Frameworks */ = {isa = PBXBuildFile; fileRef = E2B997EDED2552ACE13CF1CC /* Pods_merqueo_ios_test.framework */; };
/* End PBXBuildFile section */

/* Begin PBXContainerItemProxy section */
		C75C15C422D41D200072F790 /* PBXContainerItemProxy */ = {
			isa = PBXContainerItemProxy;
			containerPortal = C75C15A422D41D1F0072F790 /* Project object */;
			proxyType = 1;
			remoteGlobalIDString = C75C15AB22D41D1F0072F790;
			remoteInfo = "merqueo-ios-test";
		};
		C75C15CF22D41D200072F790 /* PBXContainerItemProxy */ = {
			isa = PBXContainerItemProxy;
			containerPortal = C75C15A422D41D1F0072F790 /* Project object */;
			proxyType = 1;
			remoteGlobalIDString = C75C15AB22D41D1F0072F790;
			remoteInfo = "merqueo-ios-test";
		};
/* End PBXContainerItemProxy section */

/* Begin PBXFileReference section */
		0048AEB657F946A0F5C87AC5 /* Pods-merqueo-ios-testTests.debug.xcconfig */ = {isa = PBXFileReference; includeInIndex = 1; lastKnownFileType = text.xcconfig; name = "Pods-merqueo-ios-testTests.debug.xcconfig"; path = "Target Support Files/Pods-merqueo-ios-testTests/Pods-merqueo-ios-testTests.debug.xcconfig"; sourceTree = "<group>"; };
		3B83AF3DF3319B2F5447133F /* Pods_merqueo_ios_testTests.framework */ = {isa = PBXFileReference; explicitFileType = wrapper.framework; includeInIndex = 0; path = Pods_merqueo_ios_testTests.framework; sourceTree = BUILT_PRODUCTS_DIR; };
		65EEAE033101E2D149EB7299 /* Pods-merqueo-ios-test.debug.xcconfig */ = {isa = PBXFileReference; includeInIndex = 1; lastKnownFileType = text.xcconfig; name = "Pods-merqueo-ios-test.debug.xcconfig"; path = "Target Support Files/Pods-merqueo-ios-test/Pods-merqueo-ios-test.debug.xcconfig"; sourceTree = "<group>"; };
		68AEB029D9177E61A10B0E83 /* Pods-merqueo-ios-testTests.release.xcconfig */ = {isa = PBXFileReference; includeInIndex = 1; lastKnownFileType = text.xcconfig; name = "Pods-merqueo-ios-testTests.release.xcconfig"; path = "Target Support Files/Pods-merqueo-ios-testTests/Pods-merqueo-ios-testTests.release.xcconfig"; sourceTree = "<group>"; };
		91CE3B5B0BB0252332743755 /* Pods-merqueo-ios-test.release.xcconfig */ = {isa = PBXFileReference; includeInIndex = 1; lastKnownFileType = text.xcconfig; name = "Pods-merqueo-ios-test.release.xcconfig"; path = "Target Support Files/Pods-merqueo-ios-test/Pods-merqueo-ios-test.release.xcconfig"; sourceTree = "<group>"; };
		9E307A9EA99F7E4E0DA6E6A9 /* Pods-merqueo-ios-testUITests.debug.xcconfig */ = {isa = PBXFileReference; includeInIndex = 1; lastKnownFileType = text.xcconfig; name = "Pods-merqueo-ios-testUITests.debug.xcconfig"; path = "Target Support Files/Pods-merqueo-ios-testUITests/Pods-merqueo-ios-testUITests.debug.xcconfig"; sourceTree = "<group>"; };
		C750BD7122DD49C800B4290B /* merqueo_ios_test.xcdatamodel */ = {isa = PBXFileReference; lastKnownFileType = wrapper.xcdatamodel; path = merqueo_ios_test.xcdatamodel; sourceTree = "<group>"; };
		C750BD7322DD4A9600B4290B /* CDManager.swift */ = {isa = PBXFileReference; lastKnownFileType = sourcecode.swift; path = CDManager.swift; sourceTree = "<group>"; };
		C75C15AC22D41D1F0072F790 /* merqueo-ios-test.app */ = {isa = PBXFileReference; explicitFileType = wrapper.application; includeInIndex = 0; path = "merqueo-ios-test.app"; sourceTree = BUILT_PRODUCTS_DIR; };
		C75C15AF22D41D1F0072F790 /* AppDelegate.swift */ = {isa = PBXFileReference; lastKnownFileType = sourcecode.swift; path = AppDelegate.swift; sourceTree = "<group>"; };
		C75C15B422D41D1F0072F790 /* Base */ = {isa = PBXFileReference; lastKnownFileType = file.storyboard; name = Base; path = Base.lproj/Main.storyboard; sourceTree = "<group>"; };
		C75C15B722D41D1F0072F790 /* merqueo_ios_test.xcdatamodel */ = {isa = PBXFileReference; lastKnownFileType = wrapper.xcdatamodel; path = merqueo_ios_test.xcdatamodel; sourceTree = "<group>"; };
		C75C15B922D41D200072F790 /* Assets.xcassets */ = {isa = PBXFileReference; lastKnownFileType = folder.assetcatalog; path = Assets.xcassets; sourceTree = "<group>"; };
		C75C15BC22D41D200072F790 /* Base */ = {isa = PBXFileReference; lastKnownFileType = file.storyboard; name = Base; path = Base.lproj/LaunchScreen.storyboard; sourceTree = "<group>"; };
		C75C15BE22D41D200072F790 /* Info.plist */ = {isa = PBXFileReference; lastKnownFileType = text.plist.xml; path = Info.plist; sourceTree = "<group>"; };
		C75C15C322D41D200072F790 /* merqueo-ios-testTests.xctest */ = {isa = PBXFileReference; explicitFileType = wrapper.cfbundle; includeInIndex = 0; path = "merqueo-ios-testTests.xctest"; sourceTree = BUILT_PRODUCTS_DIR; };
		C75C15C722D41D200072F790 /* merqueo_ios_testTests.swift */ = {isa = PBXFileReference; lastKnownFileType = sourcecode.swift; path = merqueo_ios_testTests.swift; sourceTree = "<group>"; };
		C75C15C922D41D200072F790 /* Info.plist */ = {isa = PBXFileReference; lastKnownFileType = text.plist.xml; path = Info.plist; sourceTree = "<group>"; };
		C75C15CE22D41D200072F790 /* merqueo-ios-testUITests.xctest */ = {isa = PBXFileReference; explicitFileType = wrapper.cfbundle; includeInIndex = 0; path = "merqueo-ios-testUITests.xctest"; sourceTree = BUILT_PRODUCTS_DIR; };
		C75C15D222D41D200072F790 /* merqueo_ios_testUITests.swift */ = {isa = PBXFileReference; lastKnownFileType = sourcecode.swift; path = merqueo_ios_testUITests.swift; sourceTree = "<group>"; };
		C75C15D422D41D200072F790 /* Info.plist */ = {isa = PBXFileReference; lastKnownFileType = text.plist.xml; path = Info.plist; sourceTree = "<group>"; };
		C75C15E122D41D9A0072F790 /* Constants.swift */ = {isa = PBXFileReference; lastKnownFileType = sourcecode.swift; path = Constants.swift; sourceTree = "<group>"; };
		C75C15E922D41E6F0072F790 /* MovieCollectionViewCell.swift */ = {isa = PBXFileReference; lastKnownFileType = sourcecode.swift; path = MovieCollectionViewCell.swift; sourceTree = "<group>"; };
		C75C15EA22D41E6F0072F790 /* MovieCollectionViewCell.xib */ = {isa = PBXFileReference; lastKnownFileType = file.xib; path = MovieCollectionViewCell.xib; sourceTree = "<group>"; };
		C75C15EF22D41F4C0072F790 /* MoviesViewController.swift */ = {isa = PBXFileReference; lastKnownFileType = sourcecode.swift; path = MoviesViewController.swift; sourceTree = "<group>"; };
		C75C15F122D41F600072F790 /* DetailMovieViewController.swift */ = {isa = PBXFileReference; lastKnownFileType = sourcecode.swift; path = DetailMovieViewController.swift; sourceTree = "<group>"; };
		C75C15F522D421EE0072F790 /* WebServiceConstants.swift */ = {isa = PBXFileReference; lastKnownFileType = sourcecode.swift; path = WebServiceConstants.swift; sourceTree = "<group>"; };
		C75C15F722D4226E0072F790 /* WebServiceManager.swift */ = {isa = PBXFileReference; lastKnownFileType = sourcecode.swift; path = WebServiceManager.swift; sourceTree = "<group>"; };
		C75C15FA22D4239B0072F790 /* MovieListInteractor.swift */ = {isa = PBXFileReference; lastKnownFileType = sourcecode.swift; path = MovieListInteractor.swift; sourceTree = "<group>"; };
		C75C15FD22D427FE0072F790 /* MoviesPresenter.swift */ = {isa = PBXFileReference; lastKnownFileType = sourcecode.swift; path = MoviesPresenter.swift; sourceTree = "<group>"; };
		C75C160022D428CD0072F790 /* MoviesViewProtocol.swift */ = {isa = PBXFileReference; lastKnownFileType = sourcecode.swift; path = MoviesViewProtocol.swift; sourceTree = "<group>"; };
		C75C160722D432760072F790 /* MovieData.swift */ = {isa = PBXFileReference; lastKnownFileType = sourcecode.swift; path = MovieData.swift; sourceTree = "<group>"; };
		C75C160A22D434B50072F790 /* MovieWireFrame.swift */ = {isa = PBXFileReference; lastKnownFileType = sourcecode.swift; path = MovieWireFrame.swift; sourceTree = "<group>"; };
		C75C160C22D440F90072F790 /* Alert.swift */ = {isa = PBXFileReference; lastKnownFileType = sourcecode.swift; path = Alert.swift; sourceTree = "<group>"; };
		C75C161022D4535E0072F790 /* UIImageView.swift */ = {isa = PBXFileReference; lastKnownFileType = sourcecode.swift; path = UIImageView.swift; sourceTree = "<group>"; };
		C75F41B522D6BAB900357A60 /* MoviePresenter.swift */ = {isa = PBXFileReference; lastKnownFileType = sourcecode.swift; path = MoviePresenter.swift; sourceTree = "<group>"; };
		C75F41B722D6BBCD00357A60 /* MovieViewProtocol.swift */ = {isa = PBXFileReference; lastKnownFileType = sourcecode.swift; path = MovieViewProtocol.swift; sourceTree = "<group>"; };
		C75F41B922D6BC2100357A60 /* MovieDetailInteractor.swift */ = {isa = PBXFileReference; lastKnownFileType = sourcecode.swift; path = MovieDetailInteractor.swift; sourceTree = "<group>"; };
		C75F41BB22D6BC5800357A60 /* MovieDetailWireFrame.swift */ = {isa = PBXFileReference; lastKnownFileType = sourcecode.swift; path = MovieDetailWireFrame.swift; sourceTree = "<group>"; };
		C75F41BD22D6EAA500357A60 /* CrewData.swift */ = {isa = PBXFileReference; lastKnownFileType = sourcecode.swift; path = CrewData.swift; sourceTree = "<group>"; };
		C7F57FA922D4B8C0009D6575 /* DetailTableViewCell.swift */ = {isa = PBXFileReference; lastKnownFileType = sourcecode.swift; path = DetailTableViewCell.swift; sourceTree = "<group>"; };
		C7F57FAA22D4B8C0009D6575 /* DetailTableViewCell.xib */ = {isa = PBXFileReference; lastKnownFileType = file.xib; path = DetailTableViewCell.xib; sourceTree = "<group>"; };
		C7F57FAD22D4C890009D6575 /* OverviewTableViewCell.swift */ = {isa = PBXFileReference; lastKnownFileType = sourcecode.swift; path = OverviewTableViewCell.swift; sourceTree = "<group>"; };
		C7F57FAE22D4C890009D6575 /* OverviewTableViewCell.xib */ = {isa = PBXFileReference; lastKnownFileType = file.xib; path = OverviewTableViewCell.xib; sourceTree = "<group>"; };
		C7F57FB122D58553009D6575 /* DescriptionTableViewCell.swift */ = {isa = PBXFileReference; lastKnownFileType = sourcecode.swift; path = DescriptionTableViewCell.swift; sourceTree = "<group>"; };
		C7F57FB222D58553009D6575 /* DescriptionTableViewCell.xib */ = {isa = PBXFileReference; lastKnownFileType = file.xib; path = DescriptionTableViewCell.xib; sourceTree = "<group>"; };
		C7FBF35622D830770032335B /* Movie+CoreDataClass.swift */ = {isa = PBXFileReference; fileEncoding = 4; lastKnownFileType = sourcecode.swift; path = "Movie+CoreDataClass.swift"; sourceTree = "<group>"; };
		C7FBF35F22D83AE20032335B /* Movie+CoreDataProperties.swift */ = {isa = PBXFileReference; fileEncoding = 4; lastKnownFileType = sourcecode.swift; path = "Movie+CoreDataProperties.swift"; sourceTree = "<group>"; };
		E2B997EDED2552ACE13CF1CC /* Pods_merqueo_ios_test.framework */ = {isa = PBXFileReference; explicitFileType = wrapper.framework; includeInIndex = 0; path = Pods_merqueo_ios_test.framework; sourceTree = BUILT_PRODUCTS_DIR; };
		E759E6884CC4FEF038C7ACE9 /* Pods_merqueo_ios_testUITests.framework */ = {isa = PBXFileReference; explicitFileType = wrapper.framework; includeInIndex = 0; path = Pods_merqueo_ios_testUITests.framework; sourceTree = BUILT_PRODUCTS_DIR; };
		E886102B2FB233BF56978B20 /* Pods-merqueo-ios-testUITests.release.xcconfig */ = {isa = PBXFileReference; includeInIndex = 1; lastKnownFileType = text.xcconfig; name = "Pods-merqueo-ios-testUITests.release.xcconfig"; path = "Target Support Files/Pods-merqueo-ios-testUITests/Pods-merqueo-ios-testUITests.release.xcconfig"; sourceTree = "<group>"; };
/* End PBXFileReference section */

/* Begin PBXFrameworksBuildPhase section */
		C75C15A922D41D1F0072F790 /* Frameworks */ = {
			isa = PBXFrameworksBuildPhase;
			buildActionMask = 2147483647;
			files = (
				CE042EB9C5B8739B04850C49 /* Pods_merqueo_ios_test.framework in Frameworks */,
			);
			runOnlyForDeploymentPostprocessing = 0;
		};
		C75C15C022D41D200072F790 /* Frameworks */ = {
			isa = PBXFrameworksBuildPhase;
			buildActionMask = 2147483647;
			files = (
				B1CF10D4DB0BDA8183F4EADE /* Pods_merqueo_ios_testTests.framework in Frameworks */,
			);
			runOnlyForDeploymentPostprocessing = 0;
		};
		C75C15CB22D41D200072F790 /* Frameworks */ = {
			isa = PBXFrameworksBuildPhase;
			buildActionMask = 2147483647;
			files = (
				C91A7F24C3720684C174F18C /* Pods_merqueo_ios_testUITests.framework in Frameworks */,
			);
			runOnlyForDeploymentPostprocessing = 0;
		};
/* End PBXFrameworksBuildPhase section */

/* Begin PBXGroup section */
		89D941EBC7681FD602AA6FA5 /* Frameworks */ = {
			isa = PBXGroup;
			children = (
				E2B997EDED2552ACE13CF1CC /* Pods_merqueo_ios_test.framework */,
				3B83AF3DF3319B2F5447133F /* Pods_merqueo_ios_testTests.framework */,
				E759E6884CC4FEF038C7ACE9 /* Pods_merqueo_ios_testUITests.framework */,
			);
			name = Frameworks;
			sourceTree = "<group>";
		};
		C5DBFE4456E6D78EBA13262C /* Pods */ = {
			isa = PBXGroup;
			children = (
				65EEAE033101E2D149EB7299 /* Pods-merqueo-ios-test.debug.xcconfig */,
				91CE3B5B0BB0252332743755 /* Pods-merqueo-ios-test.release.xcconfig */,
				0048AEB657F946A0F5C87AC5 /* Pods-merqueo-ios-testTests.debug.xcconfig */,
				68AEB029D9177E61A10B0E83 /* Pods-merqueo-ios-testTests.release.xcconfig */,
				9E307A9EA99F7E4E0DA6E6A9 /* Pods-merqueo-ios-testUITests.debug.xcconfig */,
				E886102B2FB233BF56978B20 /* Pods-merqueo-ios-testUITests.release.xcconfig */,
			);
			path = Pods;
			sourceTree = "<group>";
		};
		C750BD6E22DD488D00B4290B /* DataBase */ = {
			isa = PBXGroup;
			children = (
				C75C15B622D41D1F0072F790 /* merqueo_ios_test.xcdatamodeld */,
				C750BD7322DD4A9600B4290B /* CDManager.swift */,
			);
			path = DataBase;
			sourceTree = "<group>";
		};
		C75C15A322D41D1F0072F790 = {
			isa = PBXGroup;
			children = (
				C750BD7022DD49C800B4290B /* merqueo_ios_test.xcdatamodeld */,
				C75C15AE22D41D1F0072F790 /* merqueo-ios-test */,
				C75C15C622D41D200072F790 /* merqueo-ios-testTests */,
				C75C15D122D41D200072F790 /* merqueo-ios-testUITests */,
				C75C15AD22D41D1F0072F790 /* Products */,
				C5DBFE4456E6D78EBA13262C /* Pods */,
				89D941EBC7681FD602AA6FA5 /* Frameworks */,
			);
			sourceTree = "<group>";
		};
		C75C15AD22D41D1F0072F790 /* Products */ = {
			isa = PBXGroup;
			children = (
				C75C15AC22D41D1F0072F790 /* merqueo-ios-test.app */,
				C75C15C322D41D200072F790 /* merqueo-ios-testTests.xctest */,
				C75C15CE22D41D200072F790 /* merqueo-ios-testUITests.xctest */,
			);
			name = Products;
			sourceTree = "<group>";
		};
		C75C15AE22D41D1F0072F790 /* merqueo-ios-test */ = {
			isa = PBXGroup;
			children = (
				C750BD6E22DD488D00B4290B /* DataBase */,
				C75C160F22D453340072F790 /* Extensions */,
				C75C15F422D421BB0072F790 /* WebServices */,
				C75C15E022D41D850072F790 /* Common */,
				C75C15ED22D41F0E0072F790 /* MoviesModule */,
				C75C15E322D41DBE0072F790 /* UI */,
				C75C15AF22D41D1F0072F790 /* AppDelegate.swift */,
				C75C15B922D41D200072F790 /* Assets.xcassets */,
				C75C15BE22D41D200072F790 /* Info.plist */,
			);
			path = "merqueo-ios-test";
			sourceTree = "<group>";
		};
		C75C15C622D41D200072F790 /* merqueo-ios-testTests */ = {
			isa = PBXGroup;
			children = (
				C75C15C722D41D200072F790 /* merqueo_ios_testTests.swift */,
				C75C15C922D41D200072F790 /* Info.plist */,
			);
			path = "merqueo-ios-testTests";
			sourceTree = "<group>";
		};
		C75C15D122D41D200072F790 /* merqueo-ios-testUITests */ = {
			isa = PBXGroup;
			children = (
				C75C15D222D41D200072F790 /* merqueo_ios_testUITests.swift */,
				C75C15D422D41D200072F790 /* Info.plist */,
			);
			path = "merqueo-ios-testUITests";
			sourceTree = "<group>";
		};
		C75C15E022D41D850072F790 /* Common */ = {
			isa = PBXGroup;
			children = (
				C75C15E122D41D9A0072F790 /* Constants.swift */,
				C75C160C22D440F90072F790 /* Alert.swift */,
			);
			path = Common;
			sourceTree = "<group>";
		};
		C75C15E322D41DBE0072F790 /* UI */ = {
			isa = PBXGroup;
			children = (
				C7F57FA722D4B87F009D6575 /* TableViews */,
				C75C15E522D41E300072F790 /* CollectionViews */,
				C75C15E422D41DD10072F790 /* Storyboards */,
			);
			path = UI;
			sourceTree = "<group>";
		};
		C75C15E422D41DD10072F790 /* Storyboards */ = {
			isa = PBXGroup;
			children = (
				C75C15B322D41D1F0072F790 /* Main.storyboard */,
				C75C15BB22D41D200072F790 /* LaunchScreen.storyboard */,
			);
			path = Storyboards;
			sourceTree = "<group>";
		};
		C75C15E522D41E300072F790 /* CollectionViews */ = {
			isa = PBXGroup;
			children = (
				C75C15E622D41E410072F790 /* Cells */,
			);
			path = CollectionViews;
			sourceTree = "<group>";
		};
		C75C15E622D41E410072F790 /* Cells */ = {
			isa = PBXGroup;
			children = (
				C75C15E922D41E6F0072F790 /* MovieCollectionViewCell.swift */,
				C75C15EA22D41E6F0072F790 /* MovieCollectionViewCell.xib */,
			);
			path = Cells;
			sourceTree = "<group>";
		};
		C75C15ED22D41F0E0072F790 /* MoviesModule */ = {
			isa = PBXGroup;
			children = (
				C75C160922D4347F0072F790 /* Router */,
				C75C15FC22D427C30072F790 /* Presenter */,
				C75C160222D42C130072F790 /* Entities */,
				C75C15FF22D428950072F790 /* Protocols */,
				C75C15F922D423170072F790 /* Interactor */,
				C75C15EE22D41F2F0072F790 /* Views */,
			);
			path = MoviesModule;
			sourceTree = "<group>";
		};
		C75C15EE22D41F2F0072F790 /* Views */ = {
			isa = PBXGroup;
			children = (
				C75C15EF22D41F4C0072F790 /* MoviesViewController.swift */,
				C75C15F122D41F600072F790 /* DetailMovieViewController.swift */,
			);
			path = Views;
			sourceTree = "<group>";
		};
		C75C15F422D421BB0072F790 /* WebServices */ = {
			isa = PBXGroup;
			children = (
				C75C15F522D421EE0072F790 /* WebServiceConstants.swift */,
				C75C15F722D4226E0072F790 /* WebServiceManager.swift */,
			);
			path = WebServices;
			sourceTree = "<group>";
		};
		C75C15F922D423170072F790 /* Interactor */ = {
			isa = PBXGroup;
			children = (
				C75C15FA22D4239B0072F790 /* MovieListInteractor.swift */,
				C75F41B922D6BC2100357A60 /* MovieDetailInteractor.swift */,
			);
			path = Interactor;
			sourceTree = "<group>";
		};
		C75C15FC22D427C30072F790 /* Presenter */ = {
			isa = PBXGroup;
			children = (
				C75C15FD22D427FE0072F790 /* MoviesPresenter.swift */,
				C75F41B522D6BAB900357A60 /* MoviePresenter.swift */,
			);
			path = Presenter;
			sourceTree = "<group>";
		};
		C75C15FF22D428950072F790 /* Protocols */ = {
			isa = PBXGroup;
			children = (
				C75C160022D428CD0072F790 /* MoviesViewProtocol.swift */,
				C75F41B722D6BBCD00357A60 /* MovieViewProtocol.swift */,
			);
			path = Protocols;
			sourceTree = "<group>";
		};
		C75C160222D42C130072F790 /* Entities */ = {
			isa = PBXGroup;
			children = (
				C75C160E22D441120072F790 /* ViewModel */,
				C7FBF35622D830770032335B /* Movie+CoreDataClass.swift */,
				C7FBF35F22D83AE20032335B /* Movie+CoreDataProperties.swift */,
				C75C160722D432760072F790 /* MovieData.swift */,
				C75F41BD22D6EAA500357A60 /* CrewData.swift */,
			);
			path = Entities;
			sourceTree = "<group>";
		};
		C75C160922D4347F0072F790 /* Router */ = {
			isa = PBXGroup;
			children = (
				C75C160A22D434B50072F790 /* MovieWireFrame.swift */,
				C75F41BB22D6BC5800357A60 /* MovieDetailWireFrame.swift */,
			);
			path = Router;
			sourceTree = "<group>";
		};
		C75C160E22D441120072F790 /* ViewModel */ = {
			isa = PBXGroup;
			children = (
			);
			path = ViewModel;
			sourceTree = "<group>";
		};
		C75C160F22D453340072F790 /* Extensions */ = {
			isa = PBXGroup;
			children = (
				C75C161022D4535E0072F790 /* UIImageView.swift */,
			);
			path = Extensions;
			sourceTree = "<group>";
		};
		C7F57FA722D4B87F009D6575 /* TableViews */ = {
			isa = PBXGroup;
			children = (
				C7F57FA822D4B894009D6575 /* Cells */,
			);
			path = TableViews;
			sourceTree = "<group>";
		};
		C7F57FA822D4B894009D6575 /* Cells */ = {
			isa = PBXGroup;
			children = (
				C7F57FA922D4B8C0009D6575 /* DetailTableViewCell.swift */,
				C7F57FAA22D4B8C0009D6575 /* DetailTableViewCell.xib */,
				C7F57FAD22D4C890009D6575 /* OverviewTableViewCell.swift */,
				C7F57FAE22D4C890009D6575 /* OverviewTableViewCell.xib */,
				C7F57FB122D58553009D6575 /* DescriptionTableViewCell.swift */,
				C7F57FB222D58553009D6575 /* DescriptionTableViewCell.xib */,
			);
			path = Cells;
			sourceTree = "<group>";
		};
/* End PBXGroup section */

/* Begin PBXNativeTarget section */
		C75C15AB22D41D1F0072F790 /* merqueo-ios-test */ = {
			isa = PBXNativeTarget;
			buildConfigurationList = C75C15D722D41D200072F790 /* Build configuration list for PBXNativeTarget "merqueo-ios-test" */;
			buildPhases = (
				BE943AEFB1B6D84DC36DCE7B /* [CP] Check Pods Manifest.lock */,
				C75C15A822D41D1F0072F790 /* Sources */,
				C75C15A922D41D1F0072F790 /* Frameworks */,
				C75C15AA22D41D1F0072F790 /* Resources */,
				6AF2AF6B00AC075D9D94EDD0 /* [CP] Embed Pods Frameworks */,
			);
			buildRules = (
			);
			dependencies = (
			);
			name = "merqueo-ios-test";
			productName = "merqueo-ios-test";
			productReference = C75C15AC22D41D1F0072F790 /* merqueo-ios-test.app */;
			productType = "com.apple.product-type.application";
		};
		C75C15C222D41D200072F790 /* merqueo-ios-testTests */ = {
			isa = PBXNativeTarget;
			buildConfigurationList = C75C15DA22D41D200072F790 /* Build configuration list for PBXNativeTarget "merqueo-ios-testTests" */;
			buildPhases = (
				733E09B002386776A38DF5DD /* [CP] Check Pods Manifest.lock */,
				C75C15BF22D41D200072F790 /* Sources */,
				C75C15C022D41D200072F790 /* Frameworks */,
				C75C15C122D41D200072F790 /* Resources */,
			);
			buildRules = (
			);
			dependencies = (
				C75C15C522D41D200072F790 /* PBXTargetDependency */,
			);
			name = "merqueo-ios-testTests";
			productName = "merqueo-ios-testTests";
			productReference = C75C15C322D41D200072F790 /* merqueo-ios-testTests.xctest */;
			productType = "com.apple.product-type.bundle.unit-test";
		};
		C75C15CD22D41D200072F790 /* merqueo-ios-testUITests */ = {
			isa = PBXNativeTarget;
			buildConfigurationList = C75C15DD22D41D200072F790 /* Build configuration list for PBXNativeTarget "merqueo-ios-testUITests" */;
			buildPhases = (
				C928B808872925124B407AFA /* [CP] Check Pods Manifest.lock */,
				C75C15CA22D41D200072F790 /* Sources */,
				C75C15CB22D41D200072F790 /* Frameworks */,
				C75C15CC22D41D200072F790 /* Resources */,
			);
			buildRules = (
			);
			dependencies = (
				C75C15D022D41D200072F790 /* PBXTargetDependency */,
			);
			name = "merqueo-ios-testUITests";
			productName = "merqueo-ios-testUITests";
			productReference = C75C15CE22D41D200072F790 /* merqueo-ios-testUITests.xctest */;
			productType = "com.apple.product-type.bundle.ui-testing";
		};
/* End PBXNativeTarget section */

/* Begin PBXProject section */
		C75C15A422D41D1F0072F790 /* Project object */ = {
			isa = PBXProject;
			attributes = {
				LastSwiftUpdateCheck = 1020;
				LastUpgradeCheck = 1020;
				ORGANIZATIONNAME = "German Gomez";
				TargetAttributes = {
					C75C15AB22D41D1F0072F790 = {
						CreatedOnToolsVersion = 10.2.1;
					};
					C75C15C222D41D200072F790 = {
						CreatedOnToolsVersion = 10.2.1;
						TestTargetID = C75C15AB22D41D1F0072F790;
					};
					C75C15CD22D41D200072F790 = {
						CreatedOnToolsVersion = 10.2.1;
						TestTargetID = C75C15AB22D41D1F0072F790;
					};
				};
			};
			buildConfigurationList = C75C15A722D41D1F0072F790 /* Build configuration list for PBXProject "merqueo-ios-test" */;
			compatibilityVersion = "Xcode 9.3";
			developmentRegion = en;
			hasScannedForEncodings = 0;
			knownRegions = (
				en,
				Base,
			);
			mainGroup = C75C15A322D41D1F0072F790;
			productRefGroup = C75C15AD22D41D1F0072F790 /* Products */;
			projectDirPath = "";
			projectRoot = "";
			targets = (
				C75C15AB22D41D1F0072F790 /* merqueo-ios-test */,
				C75C15C222D41D200072F790 /* merqueo-ios-testTests */,
				C75C15CD22D41D200072F790 /* merqueo-ios-testUITests */,
			);
		};
/* End PBXProject section */

/* Begin PBXResourcesBuildPhase section */
		C75C15AA22D41D1F0072F790 /* Resources */ = {
			isa = PBXResourcesBuildPhase;
			buildActionMask = 2147483647;
			files = (
				C75C15BD22D41D200072F790 /* LaunchScreen.storyboard in Resources */,
				C7F57FAC22D4B8C0009D6575 /* DetailTableViewCell.xib in Resources */,
				C7F57FB022D4C890009D6575 /* OverviewTableViewCell.xib in Resources */,
				C75C15BA22D41D200072F790 /* Assets.xcassets in Resources */,
				C75C15B522D41D1F0072F790 /* Main.storyboard in Resources */,
				C7F57FB422D58553009D6575 /* DescriptionTableViewCell.xib in Resources */,
				C75C15EC22D41E6F0072F790 /* MovieCollectionViewCell.xib in Resources */,
			);
			runOnlyForDeploymentPostprocessing = 0;
		};
		C75C15C122D41D200072F790 /* Resources */ = {
			isa = PBXResourcesBuildPhase;
			buildActionMask = 2147483647;
			files = (
			);
			runOnlyForDeploymentPostprocessing = 0;
		};
		C75C15CC22D41D200072F790 /* Resources */ = {
			isa = PBXResourcesBuildPhase;
			buildActionMask = 2147483647;
			files = (
			);
			runOnlyForDeploymentPostprocessing = 0;
		};
/* End PBXResourcesBuildPhase section */

/* Begin PBXShellScriptBuildPhase section */
		6AF2AF6B00AC075D9D94EDD0 /* [CP] Embed Pods Frameworks */ = {
			isa = PBXShellScriptBuildPhase;
			buildActionMask = 2147483647;
			files = (
			);
			inputFileListPaths = (
			);
			inputPaths = (
				"${PODS_ROOT}/Target Support Files/Pods-merqueo-ios-test/Pods-merqueo-ios-test-frameworks.sh",
				"${BUILT_PRODUCTS_DIR}/RxCocoa/RxCocoa.framework",
				"${BUILT_PRODUCTS_DIR}/RxRelay/RxRelay.framework",
				"${BUILT_PRODUCTS_DIR}/RxSwift/RxSwift.framework",
			);
			name = "[CP] Embed Pods Frameworks";
			outputFileListPaths = (
			);
			outputPaths = (
				"${TARGET_BUILD_DIR}/${FRAMEWORKS_FOLDER_PATH}/RxCocoa.framework",
				"${TARGET_BUILD_DIR}/${FRAMEWORKS_FOLDER_PATH}/RxRelay.framework",
				"${TARGET_BUILD_DIR}/${FRAMEWORKS_FOLDER_PATH}/RxSwift.framework",
			);
			runOnlyForDeploymentPostprocessing = 0;
			shellPath = /bin/sh;
			shellScript = "\"${PODS_ROOT}/Target Support Files/Pods-merqueo-ios-test/Pods-merqueo-ios-test-frameworks.sh\"\n";
			showEnvVarsInLog = 0;
		};
		733E09B002386776A38DF5DD /* [CP] Check Pods Manifest.lock */ = {
			isa = PBXShellScriptBuildPhase;
			buildActionMask = 2147483647;
			files = (
			);
			inputFileListPaths = (
			);
			inputPaths = (
				"${PODS_PODFILE_DIR_PATH}/Podfile.lock",
				"${PODS_ROOT}/Manifest.lock",
			);
			name = "[CP] Check Pods Manifest.lock";
			outputFileListPaths = (
			);
			outputPaths = (
				"$(DERIVED_FILE_DIR)/Pods-merqueo-ios-testTests-checkManifestLockResult.txt",
			);
			runOnlyForDeploymentPostprocessing = 0;
			shellPath = /bin/sh;
			shellScript = "diff \"${PODS_PODFILE_DIR_PATH}/Podfile.lock\" \"${PODS_ROOT}/Manifest.lock\" > /dev/null\nif [ $? != 0 ] ; then\n    # print error to STDERR\n    echo \"error: The sandbox is not in sync with the Podfile.lock. Run 'pod install' or update your CocoaPods installation.\" >&2\n    exit 1\nfi\n# This output is used by Xcode 'outputs' to avoid re-running this script phase.\necho \"SUCCESS\" > \"${SCRIPT_OUTPUT_FILE_0}\"\n";
			showEnvVarsInLog = 0;
		};
		BE943AEFB1B6D84DC36DCE7B /* [CP] Check Pods Manifest.lock */ = {
			isa = PBXShellScriptBuildPhase;
			buildActionMask = 2147483647;
			files = (
			);
			inputFileListPaths = (
			);
			inputPaths = (
				"${PODS_PODFILE_DIR_PATH}/Podfile.lock",
				"${PODS_ROOT}/Manifest.lock",
			);
			name = "[CP] Check Pods Manifest.lock";
			outputFileListPaths = (
			);
			outputPaths = (
				"$(DERIVED_FILE_DIR)/Pods-merqueo-ios-test-checkManifestLockResult.txt",
			);
			runOnlyForDeploymentPostprocessing = 0;
			shellPath = /bin/sh;
			shellScript = "diff \"${PODS_PODFILE_DIR_PATH}/Podfile.lock\" \"${PODS_ROOT}/Manifest.lock\" > /dev/null\nif [ $? != 0 ] ; then\n    # print error to STDERR\n    echo \"error: The sandbox is not in sync with the Podfile.lock. Run 'pod install' or update your CocoaPods installation.\" >&2\n    exit 1\nfi\n# This output is used by Xcode 'outputs' to avoid re-running this script phase.\necho \"SUCCESS\" > \"${SCRIPT_OUTPUT_FILE_0}\"\n";
			showEnvVarsInLog = 0;
		};
		C928B808872925124B407AFA /* [CP] Check Pods Manifest.lock */ = {
			isa = PBXShellScriptBuildPhase;
			buildActionMask = 2147483647;
			files = (
			);
			inputFileListPaths = (
			);
			inputPaths = (
				"${PODS_PODFILE_DIR_PATH}/Podfile.lock",
				"${PODS_ROOT}/Manifest.lock",
			);
			name = "[CP] Check Pods Manifest.lock";
			outputFileListPaths = (
			);
			outputPaths = (
				"$(DERIVED_FILE_DIR)/Pods-merqueo-ios-testUITests-checkManifestLockResult.txt",
			);
			runOnlyForDeploymentPostprocessing = 0;
			shellPath = /bin/sh;
			shellScript = "diff \"${PODS_PODFILE_DIR_PATH}/Podfile.lock\" \"${PODS_ROOT}/Manifest.lock\" > /dev/null\nif [ $? != 0 ] ; then\n    # print error to STDERR\n    echo \"error: The sandbox is not in sync with the Podfile.lock. Run 'pod install' or update your CocoaPods installation.\" >&2\n    exit 1\nfi\n# This output is used by Xcode 'outputs' to avoid re-running this script phase.\necho \"SUCCESS\" > \"${SCRIPT_OUTPUT_FILE_0}\"\n";
			showEnvVarsInLog = 0;
		};
/* End PBXShellScriptBuildPhase section */

/* Begin PBXSourcesBuildPhase section */
		C75C15A822D41D1F0072F790 /* Sources */ = {
			isa = PBXSourcesBuildPhase;
			buildActionMask = 2147483647;
			files = (
				C750BD7222DD49C800B4290B /* merqueo_ios_test.xcdatamodeld in Sources */,
				C7F57FAB22D4B8C0009D6575 /* DetailTableViewCell.swift in Sources */,
				C75C160822D432760072F790 /* MovieData.swift in Sources */,
				C75F41B622D6BAB900357A60 /* MoviePresenter.swift in Sources */,
				C75C15F622D421EE0072F790 /* WebServiceConstants.swift in Sources */,
				C75C15B022D41D1F0072F790 /* AppDelegate.swift in Sources */,
				C75C15F222D41F600072F790 /* DetailMovieViewController.swift in Sources */,
				C75F41BC22D6BC5800357A60 /* MovieDetailWireFrame.swift in Sources */,
				C75C15FB22D4239B0072F790 /* MovieListInteractor.swift in Sources */,
				C75F41B822D6BBCD00357A60 /* MovieViewProtocol.swift in Sources */,
				C75C15EB22D41E6F0072F790 /* MovieCollectionViewCell.swift in Sources */,
				C75C160B22D434B50072F790 /* MovieWireFrame.swift in Sources */,
				C75F41BE22D6EAA500357A60 /* CrewData.swift in Sources */,
				C75C160122D428CD0072F790 /* MoviesViewProtocol.swift in Sources */,
				C75C15E222D41D9A0072F790 /* Constants.swift in Sources */,
				C7F57FAF22D4C890009D6575 /* OverviewTableViewCell.swift in Sources */,
				C7FBF36022D83AE20032335B /* Movie+CoreDataProperties.swift in Sources */,
				C7FBF35822D830770032335B /* Movie+CoreDataClass.swift in Sources */,
				C75C15F022D41F4C0072F790 /* MoviesViewController.swift in Sources */,
				C75C15F822D4226E0072F790 /* WebServiceManager.swift in Sources */,
				C750BD7422DD4A9600B4290B /* CDManager.swift in Sources */,
				C7F57FB322D58553009D6575 /* DescriptionTableViewCell.swift in Sources */,
				C75C160D22D440F90072F790 /* Alert.swift in Sources */,
				C75C161122D4535E0072F790 /* UIImageView.swift in Sources */,
				C75F41BA22D6BC2100357A60 /* MovieDetailInteractor.swift in Sources */,
				C75C15FE22D427FE0072F790 /* MoviesPresenter.swift in Sources */,
			);
			runOnlyForDeploymentPostprocessing = 0;
		};
		C75C15BF22D41D200072F790 /* Sources */ = {
			isa = PBXSourcesBuildPhase;
			buildActionMask = 2147483647;
			files = (
				C75F41BF22D6EAA500357A60 /* CrewData.swift in Sources */,
				C75C15C822D41D200072F790 /* merqueo_ios_testTests.swift in Sources */,
			);
			runOnlyForDeploymentPostprocessing = 0;
		};
		C75C15CA22D41D200072F790 /* Sources */ = {
			isa = PBXSourcesBuildPhase;
			buildActionMask = 2147483647;
			files = (
				C75C15D322D41D200072F790 /* merqueo_ios_testUITests.swift in Sources */,
			);
			runOnlyForDeploymentPostprocessing = 0;
		};
/* End PBXSourcesBuildPhase section */

/* Begin PBXTargetDependency section */
		C75C15C522D41D200072F790 /* PBXTargetDependency */ = {
			isa = PBXTargetDependency;
			target = C75C15AB22D41D1F0072F790 /* merqueo-ios-test */;
			targetProxy = C75C15C422D41D200072F790 /* PBXContainerItemProxy */;
		};
		C75C15D022D41D200072F790 /* PBXTargetDependency */ = {
			isa = PBXTargetDependency;
			target = C75C15AB22D41D1F0072F790 /* merqueo-ios-test */;
			targetProxy = C75C15CF22D41D200072F790 /* PBXContainerItemProxy */;
		};
/* End PBXTargetDependency section */

/* Begin PBXVariantGroup section */
		C75C15B322D41D1F0072F790 /* Main.storyboard */ = {
			isa = PBXVariantGroup;
			children = (
				C75C15B422D41D1F0072F790 /* Base */,
			);
			name = Main.storyboard;
			sourceTree = "<group>";
		};
		C75C15BB22D41D200072F790 /* LaunchScreen.storyboard */ = {
			isa = PBXVariantGroup;
			children = (
				C75C15BC22D41D200072F790 /* Base */,
			);
			name = LaunchScreen.storyboard;
			sourceTree = "<group>";
		};
/* End PBXVariantGroup section */

/* Begin XCBuildConfiguration section */
		C75C15D522D41D200072F790 /* Debug */ = {
			isa = XCBuildConfiguration;
			buildSettings = {
				ALWAYS_SEARCH_USER_PATHS = NO;
				CLANG_ANALYZER_NONNULL = YES;
				CLANG_ANALYZER_NUMBER_OBJECT_CONVERSION = YES_AGGRESSIVE;
				CLANG_CXX_LANGUAGE_STANDARD = "gnu++14";
				CLANG_CXX_LIBRARY = "libc++";
				CLANG_ENABLE_MODULES = YES;
				CLANG_ENABLE_OBJC_ARC = YES;
				CLANG_ENABLE_OBJC_WEAK = YES;
				CLANG_WARN_BLOCK_CAPTURE_AUTORELEASING = YES;
				CLANG_WARN_BOOL_CONVERSION = YES;
				CLANG_WARN_COMMA = YES;
				CLANG_WARN_CONSTANT_CONVERSION = YES;
				CLANG_WARN_DEPRECATED_OBJC_IMPLEMENTATIONS = YES;
				CLANG_WARN_DIRECT_OBJC_ISA_USAGE = YES_ERROR;
				CLANG_WARN_DOCUMENTATION_COMMENTS = YES;
				CLANG_WARN_EMPTY_BODY = YES;
				CLANG_WARN_ENUM_CONVERSION = YES;
				CLANG_WARN_INFINITE_RECURSION = YES;
				CLANG_WARN_INT_CONVERSION = YES;
				CLANG_WARN_NON_LITERAL_NULL_CONVERSION = YES;
				CLANG_WARN_OBJC_IMPLICIT_RETAIN_SELF = YES;
				CLANG_WARN_OBJC_LITERAL_CONVERSION = YES;
				CLANG_WARN_OBJC_ROOT_CLASS = YES_ERROR;
				CLANG_WARN_RANGE_LOOP_ANALYSIS = YES;
				CLANG_WARN_STRICT_PROTOTYPES = YES;
				CLANG_WARN_SUSPICIOUS_MOVE = YES;
				CLANG_WARN_UNGUARDED_AVAILABILITY = YES_AGGRESSIVE;
				CLANG_WARN_UNREACHABLE_CODE = YES;
				CLANG_WARN__DUPLICATE_METHOD_MATCH = YES;
				CODE_SIGN_IDENTITY = "iPhone Developer";
				COPY_PHASE_STRIP = NO;
				DEBUG_INFORMATION_FORMAT = dwarf;
				ENABLE_STRICT_OBJC_MSGSEND = YES;
				ENABLE_TESTABILITY = YES;
				GCC_C_LANGUAGE_STANDARD = gnu11;
				GCC_DYNAMIC_NO_PIC = NO;
				GCC_NO_COMMON_BLOCKS = YES;
				GCC_OPTIMIZATION_LEVEL = 0;
				GCC_PREPROCESSOR_DEFINITIONS = (
					"DEBUG=1",
					"$(inherited)",
				);
				GCC_WARN_64_TO_32_BIT_CONVERSION = YES;
				GCC_WARN_ABOUT_RETURN_TYPE = YES_ERROR;
				GCC_WARN_UNDECLARED_SELECTOR = YES;
				GCC_WARN_UNINITIALIZED_AUTOS = YES_AGGRESSIVE;
				GCC_WARN_UNUSED_FUNCTION = YES;
				GCC_WARN_UNUSED_VARIABLE = YES;
				IPHONEOS_DEPLOYMENT_TARGET = 12.2;
				MTL_ENABLE_DEBUG_INFO = INCLUDE_SOURCE;
				MTL_FAST_MATH = YES;
				ONLY_ACTIVE_ARCH = YES;
				SDKROOT = iphoneos;
				SWIFT_ACTIVE_COMPILATION_CONDITIONS = DEBUG;
				SWIFT_OPTIMIZATION_LEVEL = "-Onone";
			};
			name = Debug;
		};
		C75C15D622D41D200072F790 /* Release */ = {
			isa = XCBuildConfiguration;
			buildSettings = {
				ALWAYS_SEARCH_USER_PATHS = NO;
				CLANG_ANALYZER_NONNULL = YES;
				CLANG_ANALYZER_NUMBER_OBJECT_CONVERSION = YES_AGGRESSIVE;
				CLANG_CXX_LANGUAGE_STANDARD = "gnu++14";
				CLANG_CXX_LIBRARY = "libc++";
				CLANG_ENABLE_MODULES = YES;
				CLANG_ENABLE_OBJC_ARC = YES;
				CLANG_ENABLE_OBJC_WEAK = YES;
				CLANG_WARN_BLOCK_CAPTURE_AUTORELEASING = YES;
				CLANG_WARN_BOOL_CONVERSION = YES;
				CLANG_WARN_COMMA = YES;
				CLANG_WARN_CONSTANT_CONVERSION = YES;
				CLANG_WARN_DEPRECATED_OBJC_IMPLEMENTATIONS = YES;
				CLANG_WARN_DIRECT_OBJC_ISA_USAGE = YES_ERROR;
				CLANG_WARN_DOCUMENTATION_COMMENTS = YES;
				CLANG_WARN_EMPTY_BODY = YES;
				CLANG_WARN_ENUM_CONVERSION = YES;
				CLANG_WARN_INFINITE_RECURSION = YES;
				CLANG_WARN_INT_CONVERSION = YES;
				CLANG_WARN_NON_LITERAL_NULL_CONVERSION = YES;
				CLANG_WARN_OBJC_IMPLICIT_RETAIN_SELF = YES;
				CLANG_WARN_OBJC_LITERAL_CONVERSION = YES;
				CLANG_WARN_OBJC_ROOT_CLASS = YES_ERROR;
				CLANG_WARN_RANGE_LOOP_ANALYSIS = YES;
				CLANG_WARN_STRICT_PROTOTYPES = YES;
				CLANG_WARN_SUSPICIOUS_MOVE = YES;
				CLANG_WARN_UNGUARDED_AVAILABILITY = YES_AGGRESSIVE;
				CLANG_WARN_UNREACHABLE_CODE = YES;
				CLANG_WARN__DUPLICATE_METHOD_MATCH = YES;
				CODE_SIGN_IDENTITY = "iPhone Developer";
				COPY_PHASE_STRIP = NO;
				DEBUG_INFORMATION_FORMAT = "dwarf-with-dsym";
				ENABLE_NS_ASSERTIONS = NO;
				ENABLE_STRICT_OBJC_MSGSEND = YES;
				GCC_C_LANGUAGE_STANDARD = gnu11;
				GCC_NO_COMMON_BLOCKS = YES;
				GCC_WARN_64_TO_32_BIT_CONVERSION = YES;
				GCC_WARN_ABOUT_RETURN_TYPE = YES_ERROR;
				GCC_WARN_UNDECLARED_SELECTOR = YES;
				GCC_WARN_UNINITIALIZED_AUTOS = YES_AGGRESSIVE;
				GCC_WARN_UNUSED_FUNCTION = YES;
				GCC_WARN_UNUSED_VARIABLE = YES;
				IPHONEOS_DEPLOYMENT_TARGET = 12.2;
				MTL_ENABLE_DEBUG_INFO = NO;
				MTL_FAST_MATH = YES;
				SDKROOT = iphoneos;
				SWIFT_COMPILATION_MODE = wholemodule;
				SWIFT_OPTIMIZATION_LEVEL = "-O";
				VALIDATE_PRODUCT = YES;
			};
			name = Release;
		};
		C75C15D822D41D200072F790 /* Debug */ = {
			isa = XCBuildConfiguration;
			baseConfigurationReference = 65EEAE033101E2D149EB7299 /* Pods-merqueo-ios-test.debug.xcconfig */;
			buildSettings = {
				ASSETCATALOG_COMPILER_APPICON_NAME = AppIcon;
				CODE_SIGN_STYLE = Automatic;
				DEVELOPMENT_TEAM = 2JSRZR5V6B;
				INFOPLIST_FILE = "merqueo-ios-test/Info.plist";
				LD_RUNPATH_SEARCH_PATHS = (
					"$(inherited)",
					"@executable_path/Frameworks",
				);
				PRODUCT_BUNDLE_IDENTIFIER = "com.merqueo.merqueo-ios-test";
				PRODUCT_NAME = "$(TARGET_NAME)";
				SWIFT_VERSION = 5.0;
				TARGETED_DEVICE_FAMILY = "1,2";
			};
			name = Debug;
		};
		C75C15D922D41D200072F790 /* Release */ = {
			isa = XCBuildConfiguration;
			baseConfigurationReference = 91CE3B5B0BB0252332743755 /* Pods-merqueo-ios-test.release.xcconfig */;
			buildSettings = {
				ASSETCATALOG_COMPILER_APPICON_NAME = AppIcon;
				CODE_SIGN_STYLE = Automatic;
				DEVELOPMENT_TEAM = 2JSRZR5V6B;
				INFOPLIST_FILE = "merqueo-ios-test/Info.plist";
				LD_RUNPATH_SEARCH_PATHS = (
					"$(inherited)",
					"@executable_path/Frameworks",
				);
				PRODUCT_BUNDLE_IDENTIFIER = "com.merqueo.merqueo-ios-test";
				PRODUCT_NAME = "$(TARGET_NAME)";
				SWIFT_VERSION = 5.0;
				TARGETED_DEVICE_FAMILY = "1,2";
			};
			name = Release;
		};
		C75C15DB22D41D200072F790 /* Debug */ = {
			isa = XCBuildConfiguration;
			baseConfigurationReference = 0048AEB657F946A0F5C87AC5 /* Pods-merqueo-ios-testTests.debug.xcconfig */;
			buildSettings = {
				ALWAYS_EMBED_SWIFT_STANDARD_LIBRARIES = YES;
				BUNDLE_LOADER = "$(TEST_HOST)";
				CODE_SIGN_STYLE = Automatic;
				DEVELOPMENT_TEAM = 2JSRZR5V6B;
				INFOPLIST_FILE = "merqueo-ios-testTests/Info.plist";
				LD_RUNPATH_SEARCH_PATHS = (
					"$(inherited)",
					"@executable_path/Frameworks",
					"@loader_path/Frameworks",
				);
				PRODUCT_BUNDLE_IDENTIFIER = "com.merqueo.merqueo-ios-testTests";
				PRODUCT_NAME = "$(TARGET_NAME)";
				SWIFT_VERSION = 5.0;
				TARGETED_DEVICE_FAMILY = "1,2";
				TEST_HOST = "$(BUILT_PRODUCTS_DIR)/merqueo-ios-test.app/merqueo-ios-test";
			};
			name = Debug;
		};
		C75C15DC22D41D200072F790 /* Release */ = {
			isa = XCBuildConfiguration;
			baseConfigurationReference = 68AEB029D9177E61A10B0E83 /* Pods-merqueo-ios-testTests.release.xcconfig */;
			buildSettings = {
				ALWAYS_EMBED_SWIFT_STANDARD_LIBRARIES = YES;
				BUNDLE_LOADER = "$(TEST_HOST)";
				CODE_SIGN_STYLE = Automatic;
				DEVELOPMENT_TEAM = 2JSRZR5V6B;
				INFOPLIST_FILE = "merqueo-ios-testTests/Info.plist";
				LD_RUNPATH_SEARCH_PATHS = (
					"$(inherited)",
					"@executable_path/Frameworks",
					"@loader_path/Frameworks",
				);
				PRODUCT_BUNDLE_IDENTIFIER = "com.merqueo.merqueo-ios-testTests";
				PRODUCT_NAME = "$(TARGET_NAME)";
				SWIFT_VERSION = 5.0;
				TARGETED_DEVICE_FAMILY = "1,2";
				TEST_HOST = "$(BUILT_PRODUCTS_DIR)/merqueo-ios-test.app/merqueo-ios-test";
			};
			name = Release;
		};
		C75C15DE22D41D200072F790 /* Debug */ = {
			isa = XCBuildConfiguration;
			baseConfigurationReference = 9E307A9EA99F7E4E0DA6E6A9 /* Pods-merqueo-ios-testUITests.debug.xcconfig */;
			buildSettings = {
				ALWAYS_EMBED_SWIFT_STANDARD_LIBRARIES = YES;
				CODE_SIGN_STYLE = Automatic;
				DEVELOPMENT_TEAM = 2JSRZR5V6B;
				INFOPLIST_FILE = "merqueo-ios-testUITests/Info.plist";
				LD_RUNPATH_SEARCH_PATHS = (
					"$(inherited)",
					"@executable_path/Frameworks",
					"@loader_path/Frameworks",
				);
				PRODUCT_BUNDLE_IDENTIFIER = "com.merqueo.merqueo-ios-testUITests";
				PRODUCT_NAME = "$(TARGET_NAME)";
				SWIFT_VERSION = 5.0;
				TARGETED_DEVICE_FAMILY = "1,2";
				TEST_TARGET_NAME = "merqueo-ios-test";
			};
			name = Debug;
		};
		C75C15DF22D41D200072F790 /* Release */ = {
			isa = XCBuildConfiguration;
			baseConfigurationReference = E886102B2FB233BF56978B20 /* Pods-merqueo-ios-testUITests.release.xcconfig */;
			buildSettings = {
				ALWAYS_EMBED_SWIFT_STANDARD_LIBRARIES = YES;
				CODE_SIGN_STYLE = Automatic;
				DEVELOPMENT_TEAM = 2JSRZR5V6B;
				INFOPLIST_FILE = "merqueo-ios-testUITests/Info.plist";
				LD_RUNPATH_SEARCH_PATHS = (
					"$(inherited)",
					"@executable_path/Frameworks",
					"@loader_path/Frameworks",
				);
				PRODUCT_BUNDLE_IDENTIFIER = "com.merqueo.merqueo-ios-testUITests";
				PRODUCT_NAME = "$(TARGET_NAME)";
				SWIFT_VERSION = 5.0;
				TARGETED_DEVICE_FAMILY = "1,2";
				TEST_TARGET_NAME = "merqueo-ios-test";
			};
			name = Release;
		};
/* End XCBuildConfiguration section */

/* Begin XCConfigurationList section */
		C75C15A722D41D1F0072F790 /* Build configuration list for PBXProject "merqueo-ios-test" */ = {
			isa = XCConfigurationList;
			buildConfigurations = (
				C75C15D522D41D200072F790 /* Debug */,
				C75C15D622D41D200072F790 /* Release */,
			);
			defaultConfigurationIsVisible = 0;
			defaultConfigurationName = Release;
		};
		C75C15D722D41D200072F790 /* Build configuration list for PBXNativeTarget "merqueo-ios-test" */ = {
			isa = XCConfigurationList;
			buildConfigurations = (
				C75C15D822D41D200072F790 /* Debug */,
				C75C15D922D41D200072F790 /* Release */,
			);
			defaultConfigurationIsVisible = 0;
			defaultConfigurationName = Release;
		};
		C75C15DA22D41D200072F790 /* Build configuration list for PBXNativeTarget "merqueo-ios-testTests" */ = {
			isa = XCConfigurationList;
			buildConfigurations = (
				C75C15DB22D41D200072F790 /* Debug */,
				C75C15DC22D41D200072F790 /* Release */,
			);
			defaultConfigurationIsVisible = 0;
			defaultConfigurationName = Release;
		};
		C75C15DD22D41D200072F790 /* Build configuration list for PBXNativeTarget "merqueo-ios-testUITests" */ = {
			isa = XCConfigurationList;
			buildConfigurations = (
				C75C15DE22D41D200072F790 /* Debug */,
				C75C15DF22D41D200072F790 /* Release */,
			);
			defaultConfigurationIsVisible = 0;
			defaultConfigurationName = Release;
		};
/* End XCConfigurationList section */

/* Begin XCVersionGroup section */
		C750BD7022DD49C800B4290B /* merqueo_ios_test.xcdatamodeld */ = {
			isa = XCVersionGroup;
			children = (
				C750BD7122DD49C800B4290B /* merqueo_ios_test.xcdatamodel */,
			);
			currentVersion = C750BD7122DD49C800B4290B /* merqueo_ios_test.xcdatamodel */;
			name = merqueo_ios_test.xcdatamodeld;
			path = "merqueo-ios-test/DataBase/merqueo_ios_test.xcdatamodeld";
			sourceTree = "<group>";
			versionGroupType = wrapper.xcdatamodel;
		};
		C75C15B622D41D1F0072F790 /* merqueo_ios_test.xcdatamodeld */ = {
			isa = XCVersionGroup;
			children = (
				C75C15B722D41D1F0072F790 /* merqueo_ios_test.xcdatamodel */,
			);
			currentVersion = C75C15B722D41D1F0072F790 /* merqueo_ios_test.xcdatamodel */;
			path = merqueo_ios_test.xcdatamodeld;
			sourceTree = "<group>";
			versionGroupType = wrapper.xcdatamodel;
		};
/* End XCVersionGroup section */
	};
	rootObject = C75C15A422D41D1F0072F790 /* Project object */;
}
